
Microsoft Visual Studio Solution File, Format Version 11.00
# Visual C++ Express 2010
Project("{8BC9CEB8-8B4A-11D0-8D11-00A0C91BC942}") = "try", "try.vcxproj", "{CD030012-B57C-4478-9A93-444A91DFA37C}"
EndProject
Global
	GlobalSection(SolutionConfigurationPlatforms) = preSolution
		Debug|Win32 = Debug|Win32
		Release|Win32 = Release|Win32
	EndGlobalSection
	GlobalSection(ProjectConfigurationPlatforms) = postSolution
		{CD030012-B57C-4478-9A93-444A91DFA37C}.Debug|Win32.ActiveCfg = Debug|Win32
		{CD030012-B57C-4478-9A93-444A91DFA37C}.Debug|Win32.Build.0 = Debug|Win32
		{CD030012-B57C-4478-9A93-444A91DFA37C}.Release|Win32.ActiveCfg = Release|Win32
		{CD030012-B57C-4478-9A93-444A91DFA37C}.Release|Win32.Build.0 = Release|Win32
	EndGlobalSection
	GlobalSection(SolutionProperties) = preSolution
		HideSolutionNode = FALSE
	EndGlobalSection
EndGlobal
