<?xml version="1.0" encoding="utf-8"?>
<Project ToolsVersion="4.0" xmlns="http://schemas.microsoft.com/developer/msbuild/2003">
  <ItemGroup>
    <Filter Include="Source Files">
      <UniqueIdentifier>{b542d094-99b4-4927-a02c-f8c6edd77caa}</UniqueIdentifier>
      <Extensions>cpp;c;cxx;rc;def;r;odl;idl;hpj;bat</Extensions>
    </Filter>
    <Filter Include="Header Files">
      <UniqueIdentifier>{8654c89b-549a-404d-8746-5b8dc104062c}</UniqueIdentifier>
      <Extensions>h;hpp;hxx;hm;inl</Extensions>
    </Filter>
    <Filter Include="Resource Files">
      <UniqueIdentifier>{1f825a82-d4a7-42da-9487-4a016e30bb50}</UniqueIdentifier>
      <Extensions>ico;cur;bmp;dlg;rc2;rct;bin;rgs;gif;jpg;jpeg;jpe</Extensions>
    </Filter>
  </ItemGroup>
  <ItemGroup>
    <ClCompile Include="..\..\sincos.c">
      <Filter>Source Files</Filter>
    </ClCompile>
    <ClCompile Include="..\..\alloca.c">
      <Filter>Source Files</Filter>
    </ClCompile>
    <ClCompile Include="..\..\lowlevel_timer.c">
      <Filter>Source Files</Filter>
    </ClCompile>
    <ClCompile Include="..\..\win32.c">
      <Filter>Source Files</Filter>
    </ClCompile>
    <ClCompile Include="..\..\varsV.c">
      <Filter>Source Files</Filter>
    </ClCompile>
    <ClCompile Include="..\..\mxt.c">
      <Filter>Source Files</Filter>
    </ClCompile>
    <ClCompile Include="..\..\varsA.c">
      <Filter>Source Files</Filter>
    </ClCompile>
    <ClCompile Include="..\..\varsP.c">
      <Filter>Source Files</Filter>
    </ClCompile>
    <ClCompile Include="..\..\varsS.c">
      <Filter>Source Files</Filter>
    </ClCompile>
    <ClCompile Include="..\..\vars-standalone.c">
      <Filter>Source Files</Filter>
    </ClCompile>
    <ClCompile Include="..\..\try.c">
      <Filter>Source Files</Filter>
    </ClCompile>
  </ItemGroup>
  <ItemGroup>
    <ClInclude Include="..\Macros.h">
      <Filter>Header Files</Filter>
    </ClInclude>
    <ClInclude Include="..\..\SymbolTable.h">
      <Filter>Header Files</Filter>
    </ClInclude>
    <ClInclude Include="..\..\64typedefs.h">
      <Filter>Header Files</Filter>
    </ClInclude>
    <ClInclude Include="..\..\CX_writable_strings.h">
      <Filter>Header Files</Filter>
    </ClInclude>
    <ClInclude Include="..\..\cxerrno.h">
      <Filter>Header Files</Filter>
    </ClInclude>
    <ClInclude Include="..\..\lowlevel_timer.h">
      <Filter>Header Files</Filter>
    </ClInclude>
    <ClInclude Include="..\..\mathdef.h">
      <Filter>Header Files</Filter>
    </ClInclude>
    <ClInclude Include="..\..\NaN.h">
      <Filter>Header Files</Filter>
    </ClInclude>
    <ClInclude Include="..\..\sincos.h">
      <Filter>Header Files</Filter>
    </ClInclude>
    <ClInclude Include="..\..\vars-standalone.h">
      <Filter>Header Files</Filter>
    </ClInclude>
    <ClInclude Include="..\..\ALLOCA.h">
      <Filter>Header Files</Filter>
    </ClInclude>
    <ClInclude Include="..\..\cpu.h">
      <Filter>Header Files</Filter>
    </ClInclude>
    <ClInclude Include="..\..\defun.h">
      <Filter>Header Files</Filter>
    </ClInclude>
    <ClInclude Include="..\..\varsedit.h">
      <Filter>Header Files</Filter>
    </ClInclude>
    <ClInclude Include="..\..\varsintr.h">
      <Filter>Header Files</Filter>
    </ClInclude>
    <ClInclude Include="..\..\win32.h">
      <Filter>Header Files</Filter>
    </ClInclude>
    <ClInclude Include="..\..\sse_mathfun\sse_mathfun.h">
      <Filter>Header Files</Filter>
    </ClInclude>
  </ItemGroup>
</Project>